
Microsoft Visual Studio Solution File, Format Version 12.00
# Visual Studio Version 16
VisualStudioVersion = 16.0.30320.27
MinimumVisualStudioVersion = 15.0.26124.0
Project("{9A19103F-16F7-4668-BE54-9A1E7A4F7556}") = "Sudoku", "Sudoku\Sudoku.csproj", "{28E92439-A4DD-4009-B005-ACAC8DBE9970}"
EndProject
Project("{9A19103F-16F7-4668-BE54-9A1E7A4F7556}") = "Sudoku.Test", "Sudoku.Test\Sudoku.Test.csproj", "{88263286-2F53-44D7-9007-D169D841B0A4}"
EndProject
Project("{9A19103F-16F7-4668-BE54-9A1E7A4F7556}") = "Sudoku.UI", "Sudoku.UI\Sudoku.UI.csproj", "{13A31567-517A-4773-A4CD-BEC4A0199A89}"
EndProject
Project("{9A19103F-16F7-4668-BE54-9A1E7A4F7556}") = "Sudoku.UI.Test", "Sudoku.UI.Test\Sudoku.UI.Test.csproj", "{B6E786AB-38DF-4476-9EE2-DFC6E2308BC3}"
EndProject
Project("{2150E333-8FDC-42A3-9474-1A3956D46DE8}") = "Solution Items", "Solution Items", "{685B8741-6D18-47E1-A82C-B4CC287F62F5}"
	ProjectSection(SolutionItems) = preProject
		.editorconfig = .editorconfig
	EndProjectSection
EndProject
Project("{FAE04EC0-301F-11D3-BF4B-00C04F79EFBC}") = "Sudoku.Android", "Sudoku.Android\Sudoku.Android.csproj", "{2A10BF5B-9345-4BFE-8399-BC342F504CE9}"
EndProject
Global
	GlobalSection(SolutionConfigurationPlatforms) = preSolution
		Debug|Any CPU = Debug|Any CPU
		Debug|x64 = Debug|x64
		Debug|x86 = Debug|x86
		Release|Any CPU = Release|Any CPU
		Release|x64 = Release|x64
		Release|x86 = Release|x86
	EndGlobalSection
	GlobalSection(ProjectConfigurationPlatforms) = postSolution
		{28E92439-A4DD-4009-B005-ACAC8DBE9970}.Debug|Any CPU.ActiveCfg = Debug|Any CPU
		{28E92439-A4DD-4009-B005-ACAC8DBE9970}.Debug|Any CPU.Build.0 = Debug|Any CPU
		{28E92439-A4DD-4009-B005-ACAC8DBE9970}.Debug|x64.ActiveCfg = Debug|Any CPU
		{28E92439-A4DD-4009-B005-ACAC8DBE9970}.Debug|x64.Build.0 = Debug|Any CPU
		{28E92439-A4DD-4009-B005-ACAC8DBE9970}.Debug|x86.ActiveCfg = Debug|Any CPU
		{28E92439-A4DD-4009-B005-ACAC8DBE9970}.Debug|x86.Build.0 = Debug|Any CPU
		{28E92439-A4DD-4009-B005-ACAC8DBE9970}.Release|Any CPU.ActiveCfg = Release|Any CPU
		{28E92439-A4DD-4009-B005-ACAC8DBE9970}.Release|Any CPU.Build.0 = Release|Any CPU
		{28E92439-A4DD-4009-B005-ACAC8DBE9970}.Release|x64.ActiveCfg = Release|Any CPU
		{28E92439-A4DD-4009-B005-ACAC8DBE9970}.Release|x64.Build.0 = Release|Any CPU
		{28E92439-A4DD-4009-B005-ACAC8DBE9970}.Release|x86.ActiveCfg = Release|Any CPU
		{28E92439-A4DD-4009-B005-ACAC8DBE9970}.Release|x86.Build.0 = Release|Any CPU
		{88263286-2F53-44D7-9007-D169D841B0A4}.Debug|Any CPU.ActiveCfg = Debug|Any CPU
		{88263286-2F53-44D7-9007-D169D841B0A4}.Debug|Any CPU.Build.0 = Debug|Any CPU
		{88263286-2F53-44D7-9007-D169D841B0A4}.Debug|x64.ActiveCfg = Debug|Any CPU
		{88263286-2F53-44D7-9007-D169D841B0A4}.Debug|x64.Build.0 = Debug|Any CPU
		{88263286-2F53-44D7-9007-D169D841B0A4}.Debug|x86.ActiveCfg = Debug|Any CPU
		{88263286-2F53-44D7-9007-D169D841B0A4}.Debug|x86.Build.0 = Debug|Any CPU
		{88263286-2F53-44D7-9007-D169D841B0A4}.Release|Any CPU.ActiveCfg = Release|Any CPU
		{88263286-2F53-44D7-9007-D169D841B0A4}.Release|Any CPU.Build.0 = Release|Any CPU
		{88263286-2F53-44D7-9007-D169D841B0A4}.Release|x64.ActiveCfg = Release|Any CPU
		{88263286-2F53-44D7-9007-D169D841B0A4}.Release|x64.Build.0 = Release|Any CPU
		{88263286-2F53-44D7-9007-D169D841B0A4}.Release|x86.ActiveCfg = Release|Any CPU
		{88263286-2F53-44D7-9007-D169D841B0A4}.Release|x86.Build.0 = Release|Any CPU
		{13A31567-517A-4773-A4CD-BEC4A0199A89}.Debug|Any CPU.ActiveCfg = Debug|Any CPU
		{13A31567-517A-4773-A4CD-BEC4A0199A89}.Debug|Any CPU.Build.0 = Debug|Any CPU
		{13A31567-517A-4773-A4CD-BEC4A0199A89}.Debug|x64.ActiveCfg = Debug|Any CPU
		{13A31567-517A-4773-A4CD-BEC4A0199A89}.Debug|x64.Build.0 = Debug|Any CPU
		{13A31567-517A-4773-A4CD-BEC4A0199A89}.Debug|x86.ActiveCfg = Debug|Any CPU
		{13A31567-517A-4773-A4CD-BEC4A0199A89}.Debug|x86.Build.0 = Debug|Any CPU
		{13A31567-517A-4773-A4CD-BEC4A0199A89}.Release|Any CPU.ActiveCfg = Release|Any CPU
		{13A31567-517A-4773-A4CD-BEC4A0199A89}.Release|Any CPU.Build.0 = Release|Any CPU
		{13A31567-517A-4773-A4CD-BEC4A0199A89}.Release|x64.ActiveCfg = Release|Any CPU
		{13A31567-517A-4773-A4CD-BEC4A0199A89}.Release|x64.Build.0 = Release|Any CPU
		{13A31567-517A-4773-A4CD-BEC4A0199A89}.Release|x86.ActiveCfg = Release|Any CPU
		{13A31567-517A-4773-A4CD-BEC4A0199A89}.Release|x86.Build.0 = Release|Any CPU
		{B6E786AB-38DF-4476-9EE2-DFC6E2308BC3}.Debug|Any CPU.ActiveCfg = Debug|Any CPU
		{B6E786AB-38DF-4476-9EE2-DFC6E2308BC3}.Debug|Any CPU.Build.0 = Debug|Any CPU
		{B6E786AB-38DF-4476-9EE2-DFC6E2308BC3}.Debug|x64.ActiveCfg = Debug|Any CPU
		{B6E786AB-38DF-4476-9EE2-DFC6E2308BC3}.Debug|x64.Build.0 = Debug|Any CPU
		{B6E786AB-38DF-4476-9EE2-DFC6E2308BC3}.Debug|x86.ActiveCfg = Debug|Any CPU
		{B6E786AB-38DF-4476-9EE2-DFC6E2308BC3}.Debug|x86.Build.0 = Debug|Any CPU
		{B6E786AB-38DF-4476-9EE2-DFC6E2308BC3}.Release|Any CPU.ActiveCfg = Release|Any CPU
		{B6E786AB-38DF-4476-9EE2-DFC6E2308BC3}.Release|Any CPU.Build.0 = Release|Any CPU
		{B6E786AB-38DF-4476-9EE2-DFC6E2308BC3}.Release|x64.ActiveCfg = Release|Any CPU
		{B6E786AB-38DF-4476-9EE2-DFC6E2308BC3}.Release|x64.Build.0 = Release|Any CPU
		{B6E786AB-38DF-4476-9EE2-DFC6E2308BC3}.Release|x86.ActiveCfg = Release|Any CPU
		{B6E786AB-38DF-4476-9EE2-DFC6E2308BC3}.Release|x86.Build.0 = Release|Any CPU
		{2A10BF5B-9345-4BFE-8399-BC342F504CE9}.Debug|Any CPU.ActiveCfg = Debug|Any CPU
		{2A10BF5B-9345-4BFE-8399-BC342F504CE9}.Debug|Any CPU.Build.0 = Debug|Any CPU
		{2A10BF5B-9345-4BFE-8399-BC342F504CE9}.Debug|Any CPU.Deploy.0 = Debug|Any CPU
		{2A10BF5B-9345-4BFE-8399-BC342F504CE9}.Debug|x64.ActiveCfg = Debug|Any CPU
		{2A10BF5B-9345-4BFE-8399-BC342F504CE9}.Debug|x64.Build.0 = Debug|Any CPU
		{2A10BF5B-9345-4BFE-8399-BC342F504CE9}.Debug|x64.Deploy.0 = Debug|Any CPU
		{2A10BF5B-9345-4BFE-8399-BC342F504CE9}.Debug|x86.ActiveCfg = Debug|Any CPU
		{2A10BF5B-9345-4BFE-8399-BC342F504CE9}.Debug|x86.Build.0 = Debug|Any CPU
		{2A10BF5B-9345-4BFE-8399-BC342F504CE9}.Debug|x86.Deploy.0 = Debug|Any CPU
		{2A10BF5B-9345-4BFE-8399-BC342F504CE9}.Release|Any CPU.ActiveCfg = Release|Any CPU
		{2A10BF5B-9345-4BFE-8399-BC342F504CE9}.Release|Any CPU.Build.0 = Release|Any CPU
		{2A10BF5B-9345-4BFE-8399-BC342F504CE9}.Release|Any CPU.Deploy.0 = Release|Any CPU
		{2A10BF5B-9345-4BFE-8399-BC342F504CE9}.Release|x64.ActiveCfg = Release|Any CPU
		{2A10BF5B-9345-4BFE-8399-BC342F504CE9}.Release|x64.Build.0 = Release|Any CPU
		{2A10BF5B-9345-4BFE-8399-BC342F504CE9}.Release|x64.Deploy.0 = Release|Any CPU
		{2A10BF5B-9345-4BFE-8399-BC342F504CE9}.Release|x86.ActiveCfg = Release|Any CPU
		{2A10BF5B-9345-4BFE-8399-BC342F504CE9}.Release|x86.Build.0 = Release|Any CPU
		{2A10BF5B-9345-4BFE-8399-BC342F504CE9}.Release|x86.Deploy.0 = Release|Any CPU
	EndGlobalSection
	GlobalSection(SolutionProperties) = preSolution
		HideSolutionNode = FALSE
	EndGlobalSection
	GlobalSection(ExtensibilityGlobals) = postSolution
		SolutionGuid = {FFF193E1-2815-47A9-A18B-E5E172A01E8E}
	EndGlobalSection
EndGlobal
